
Microsoft Visual Studio Solution File, Format Version 12.00
# Visual Studio Version 17
VisualStudioVersion = 17.0.31410.414
MinimumVisualStudioVersion = 10.0.40219.1
Project("{FAE04EC0-301F-11D3-BF4B-00C04F79EFBC}") = "BlackJack.Users.Api", "BlackJack.Users.Api\BlackJack.Users.Api.csproj", "{B997CF06-8D82-4F8C-AC57-1C0AFFFBB09F}"
EndProject
Project("{FAE04EC0-301F-11D3-BF4B-00C04F79EFBC}") = "BlackJack.Users.Core", "BlackJack.Users.Core\BlackJack.Users.Core.csproj", "{A232DF17-44F4-4032-8D48-1BAA57BFEC21}"
EndProject
Project("{FAE04EC0-301F-11D3-BF4B-00C04F79EFBC}") = "BlackJack.Users.Core.Abstractions", "BlackJack.Users.Core.Abstractions\BlackJack.Users.Core.Abstractions.csproj", "{F554C376-0CDC-4D49-82BB-74E41847646C}"
EndProject
Global
	GlobalSection(SolutionConfigurationPlatforms) = preSolution
		Debug|Any CPU = Debug|Any CPU
		Release|Any CPU = Release|Any CPU
	EndGlobalSection
	GlobalSection(ProjectConfigurationPlatforms) = postSolution
		{B997CF06-8D82-4F8C-AC57-1C0AFFFBB09F}.Debug|Any CPU.ActiveCfg = Debug|Any CPU
		{B997CF06-8D82-4F8C-AC57-1C0AFFFBB09F}.Debug|Any CPU.Build.0 = Debug|Any CPU
		{B997CF06-8D82-4F8C-AC57-1C0AFFFBB09F}.Release|Any CPU.ActiveCfg = Release|Any CPU
		{B997CF06-8D82-4F8C-AC57-1C0AFFFBB09F}.Release|Any CPU.Build.0 = Release|Any CPU
		{A232DF17-44F4-4032-8D48-1BAA57BFEC21}.Debug|Any CPU.ActiveCfg = Debug|Any CPU
		{A232DF17-44F4-4032-8D48-1BAA57BFEC21}.Debug|Any CPU.Build.0 = Debug|Any CPU
		{A232DF17-44F4-4032-8D48-1BAA57BFEC21}.Release|Any CPU.ActiveCfg = Release|Any CPU
		{A232DF17-44F4-4032-8D48-1BAA57BFEC21}.Release|Any CPU.Build.0 = Release|Any CPU
		{F554C376-0CDC-4D49-82BB-74E41847646C}.Debug|Any CPU.ActiveCfg = Debug|Any CPU
		{F554C376-0CDC-4D49-82BB-74E41847646C}.Debug|Any CPU.Build.0 = Debug|Any CPU
		{F554C376-0CDC-4D49-82BB-74E41847646C}.Release|Any CPU.ActiveCfg = Release|Any CPU
		{F554C376-0CDC-4D49-82BB-74E41847646C}.Release|Any CPU.Build.0 = Release|Any CPU
	EndGlobalSection
	GlobalSection(SolutionProperties) = preSolution
		HideSolutionNode = FALSE
	EndGlobalSection
	GlobalSection(ExtensibilityGlobals) = postSolution
		SolutionGuid = {B015B7C3-8054-4A65-B9B3-746D58A5411E}
	EndGlobalSection
EndGlobal
